// !$*UTF8*$!
{
	archiveVersion = 1;
	classes = {
	};
	objectVersion = 50;
	objects = {

/* Begin PBXBuildFile section */
		74EE9D14211235F300700928 /* AppDelegate.swift in Sources */ = {isa = PBXBuildFile; fileRef = 74EE9D13211235F300700928 /* AppDelegate.swift */; };
		74EE9D1B211235F500700928 /* Assets.xcassets in Resources */ = {isa = PBXBuildFile; fileRef = 74EE9D1A211235F500700928 /* Assets.xcassets */; };
		74EE9D1E211235F500700928 /* LaunchScreen.storyboard in Resources */ = {isa = PBXBuildFile; fileRef = 74EE9D1C211235F500700928 /* LaunchScreen.storyboard */; };
		74EE9D2B2118C47600700928 /* ViewController.swift in Sources */ = {isa = PBXBuildFile; fileRef = 74EE9D2A2118C47600700928 /* ViewController.swift */; };
		74EE9D2D2118C4AA00700928 /* DraggablePresentationController.swift in Sources */ = {isa = PBXBuildFile; fileRef = 74EE9D2C2118C4AA00700928 /* DraggablePresentationController.swift */; };
		74EE9D2F2118C4DC00700928 /* DraggableTransitionAnimator.swift in Sources */ = {isa = PBXBuildFile; fileRef = 74EE9D2E2118C4DC00700928 /* DraggableTransitionAnimator.swift */; };
		74EE9D312118E52600700928 /* CardViewController.swift in Sources */ = {isa = PBXBuildFile; fileRef = 74EE9D302118E52600700928 /* CardViewController.swift */; };
/* End PBXBuildFile section */

/* Begin PBXFileReference section */
		74EE9D10211235F300700928 /* CardVC.app */ = {isa = PBXFileReference; explicitFileType = wrapper.application; includeInIndex = 0; path = CardVC.app; sourceTree = BUILT_PRODUCTS_DIR; };
		74EE9D13211235F300700928 /* AppDelegate.swift */ = {isa = PBXFileReference; lastKnownFileType = sourcecode.swift; path = AppDelegate.swift; sourceTree = "<group>"; };
		74EE9D1A211235F500700928 /* Assets.xcassets */ = {isa = PBXFileReference; lastKnownFileType = folder.assetcatalog; path = Assets.xcassets; sourceTree = "<group>"; };
		74EE9D1D211235F500700928 /* Base */ = {isa = PBXFileReference; lastKnownFileType = file.storyboard; name = Base; path = Base.lproj/LaunchScreen.storyboard; sourceTree = "<group>"; };
		74EE9D1F211235F500700928 /* Info.plist */ = {isa = PBXFileReference; lastKnownFileType = text.plist.xml; path = Info.plist; sourceTree = "<group>"; };
		74EE9D2A2118C47600700928 /* ViewController.swift */ = {isa = PBXFileReference; lastKnownFileType = sourcecode.swift; path = ViewController.swift; sourceTree = "<group>"; };
		74EE9D2C2118C4AA00700928 /* DraggablePresentationController.swift */ = {isa = PBXFileReference; lastKnownFileType = sourcecode.swift; path = DraggablePresentationController.swift; sourceTree = "<group>"; };
		74EE9D2E2118C4DC00700928 /* DraggableTransitionAnimator.swift */ = {isa = PBXFileReference; lastKnownFileType = sourcecode.swift; path = DraggableTransitionAnimator.swift; sourceTree = "<group>"; };
		74EE9D302118E52600700928 /* CardViewController.swift */ = {isa = PBXFileReference; lastKnownFileType = sourcecode.swift; path = CardViewController.swift; sourceTree = "<group>"; };
/* End PBXFileReference section */

/* Begin PBXFrameworksBuildPhase section */
		74EE9D0D211235F300700928 /* Frameworks */ = {
			isa = PBXFrameworksBuildPhase;
			buildActionMask = 2147483647;
			files = (
			);
			runOnlyForDeploymentPostprocessing = 0;
		};
/* End PBXFrameworksBuildPhase section */

/* Begin PBXGroup section */
		74EE9D07211235F300700928 = {
			isa = PBXGroup;
			children = (
				74EE9D12211235F300700928 /* CardVC */,
				74EE9D11211235F300700928 /* Products */,
			);
			sourceTree = "<group>";
		};
		74EE9D11211235F300700928 /* Products */ = {
			isa = PBXGroup;
			children = (
				74EE9D10211235F300700928 /* CardVC.app */,
			);
			name = Products;
			sourceTree = "<group>";
		};
		74EE9D12211235F300700928 /* CardVC */ = {
			isa = PBXGroup;
			children = (
				74EE9D292118C46100700928 /* Custom Presentation */,
				74EE9D13211235F300700928 /* AppDelegate.swift */,
				74EE9D1A211235F500700928 /* Assets.xcassets */,
				74EE9D1C211235F500700928 /* LaunchScreen.storyboard */,
				74EE9D1F211235F500700928 /* Info.plist */,
			);
			path = CardVC;
			sourceTree = "<group>";
		};
		74EE9D292118C46100700928 /* Custom Presentation */ = {
			isa = PBXGroup;
			children = (
				74EE9D2A2118C47600700928 /* ViewController.swift */,
				74EE9D2C2118C4AA00700928 /* DraggablePresentationController.swift */,
				74EE9D2E2118C4DC00700928 /* DraggableTransitionAnimator.swift */,
				74EE9D302118E52600700928 /* CardViewController.swift */,
			);
			path = "Custom Presentation";
			sourceTree = "<group>";
		};
/* End PBXGroup section */

/* Begin PBXNativeTarget section */
		74EE9D0F211235F300700928 /* CardVC */ = {
			isa = PBXNativeTarget;
			buildConfigurationList = 74EE9D22211235F500700928 /* Build configuration list for PBXNativeTarget "CardVC" */;
			buildPhases = (
				74EE9D0C211235F300700928 /* Sources */,
				74EE9D0D211235F300700928 /* Frameworks */,
				74EE9D0E211235F300700928 /* Resources */,
			);
			buildRules = (
			);
			dependencies = (
			);
			name = CardVC;
			productName = CardVC;
			productReference = 74EE9D10211235F300700928 /* CardVC.app */;
			productType = "com.apple.product-type.application";
		};
/* End PBXNativeTarget section */

/* Begin PBXProject section */
		74EE9D08211235F300700928 /* Project object */ = {
			isa = PBXProject;
			attributes = {
				LastSwiftUpdateCheck = 0940;
				LastUpgradeCheck = 0940;
				ORGANIZATIONNAME = "Salman Fakhri";
				TargetAttributes = {
					74EE9D0F211235F300700928 = {
						CreatedOnToolsVersion = 9.4.1;
					};
				};
			};
			buildConfigurationList = 74EE9D0B211235F300700928 /* Build configuration list for PBXProject "CardVC" */;
			compatibilityVersion = "Xcode 9.3";
			developmentRegion = en;
			hasScannedForEncodings = 0;
			knownRegions = (
				en,
				Base,
			);
			mainGroup = 74EE9D07211235F300700928;
			productRefGroup = 74EE9D11211235F300700928 /* Products */;
			projectDirPath = "";
			projectRoot = "";
			targets = (
				74EE9D0F211235F300700928 /* CardVC */,
			);
		};
/* End PBXProject section */

/* Begin PBXResourcesBuildPhase section */
		74EE9D0E211235F300700928 /* Resources */ = {
			isa = PBXResourcesBuildPhase;
			buildActionMask = 2147483647;
			files = (
				74EE9D1E211235F500700928 /* LaunchScreen.storyboard in Resources */,
				74EE9D1B211235F500700928 /* Assets.xcassets in Resources */,
			);
			runOnlyForDeploymentPostprocessing = 0;
		};
/* End PBXResourcesBuildPhase section */

/* Begin PBXSourcesBuildPhase section */
		74EE9D0C211235F300700928 /* Sources */ = {
			isa = PBXSourcesBuildPhase;
			buildActionMask = 2147483647;
			files = (
				74EE9D2B2118C47600700928 /* ViewController.swift in Sources */,
				74EE9D2D2118C4AA00700928 /* DraggablePresentationController.swift in Sources */,
				74EE9D312118E52600700928 /* CardViewController.swift in Sources */,
				74EE9D2F2118C4DC00700928 /* DraggableTransitionAnimator.swift in Sources */,
				74EE9D14211235F300700928 /* AppDelegate.swift in Sources */,
			);
			runOnlyForDeploymentPostprocessing = 0;
		};
/* End PBXSourcesBuildPhase section */

/* Begin PBXVariantGroup section */
		74EE9D1C211235F500700928 /* LaunchScreen.storyboard */ = {
			isa = PBXVariantGroup;
			children = (
				74EE9D1D211235F500700928 /* Base */,
			);
			name = LaunchScreen.storyboard;
			sourceTree = "<group>";
		};
/* End PBXVariantGroup section */

/* Begin XCBuildConfiguration section */
		74EE9D20211235F500700928 /* Debug */ = {
			isa = XCBuildConfiguration;
			buildSettings = {
				ALWAYS_SEARCH_USER_PATHS = NO;
				CLANG_ANALYZER_NONNULL = YES;
				CLANG_ANALYZER_NUMBER_OBJECT_CONVERSION = YES_AGGRESSIVE;
				CLANG_CXX_LANGUAGE_STANDARD = "gnu++14";
				CLANG_CXX_LIBRARY = "libc++";
				CLANG_ENABLE_MODULES = YES;
				CLANG_ENABLE_OBJC_ARC = YES;
				CLANG_ENABLE_OBJC_WEAK = YES;
				CLANG_WARN_BLOCK_CAPTURE_AUTORELEASING = YES;
				CLANG_WARN_BOOL_CONVERSION = YES;
				CLANG_WARN_COMMA = YES;
				CLANG_WARN_CONSTANT_CONVERSION = YES;
				CLANG_WARN_DEPRECATED_OBJC_IMPLEMENTATIONS = YES;
				CLANG_WARN_DIRECT_OBJC_ISA_USAGE = YES_ERROR;
				CLANG_WARN_DOCUMENTATION_COMMENTS = YES;
				CLANG_WARN_EMPTY_BODY = YES;
				CLANG_WARN_ENUM_CONVERSION = YES;
				CLANG_WARN_INFINITE_RECURSION = YES;
				CLANG_WARN_INT_CONVERSION = YES;
				CLANG_WARN_NON_LITERAL_NULL_CONVERSION = YES;
				CLANG_WARN_OBJC_IMPLICIT_RETAIN_SELF = YES;
				CLANG_WARN_OBJC_LITERAL_CONVERSION = YES;
				CLANG_WARN_OBJC_ROOT_CLASS = YES_ERROR;
				CLANG_WARN_RANGE_LOOP_ANALYSIS = YES;
				CLANG_WARN_STRICT_PROTOTYPES = YES;
				CLANG_WARN_SUSPICIOUS_MOVE = YES;
				CLANG_WARN_UNGUARDED_AVAILABILITY = YES_AGGRESSIVE;
				CLANG_WARN_UNREACHABLE_CODE = YES;
				CLANG_WARN__DUPLICATE_METHOD_MATCH = YES;
				CODE_SIGN_IDENTITY = "iPhone Developer";
				COPY_PHASE_STRIP = NO;
				DEBUG_INFORMATION_FORMAT = dwarf;
				ENABLE_STRICT_OBJC_MSGSEND = YES;
				ENABLE_TESTABILITY = YES;
				GCC_C_LANGUAGE_STANDARD = gnu11;
				GCC_DYNAMIC_NO_PIC = NO;
				GCC_NO_COMMON_BLOCKS = YES;
				GCC_OPTIMIZATION_LEVEL = 0;
				GCC_PREPROCESSOR_DEFINITIONS = (
					"DEBUG=1",
					"$(inherited)",
				);
				GCC_WARN_64_TO_32_BIT_CONVERSION = YES;
				GCC_WARN_ABOUT_RETURN_TYPE = YES_ERROR;
				GCC_WARN_UNDECLARED_SELECTOR = YES;
				GCC_WARN_UNINITIALIZED_AUTOS = YES_AGGRESSIVE;
				GCC_WARN_UNUSED_FUNCTION = YES;
				GCC_WARN_UNUSED_VARIABLE = YES;
				IPHONEOS_DEPLOYMENT_TARGET = 11.4;
				MTL_ENABLE_DEBUG_INFO = YES;
				ONLY_ACTIVE_ARCH = YES;
				SDKROOT = iphoneos;
				SWIFT_ACTIVE_COMPILATION_CONDITIONS = DEBUG;
				SWIFT_OPTIMIZATION_LEVEL = "-Onone";
			};
			name = Debug;
		};
		74EE9D21211235F500700928 /* Release */ = {
			isa = XCBuildConfiguration;
			buildSettings = {
				ALWAYS_SEARCH_USER_PATHS = NO;
				CLANG_ANALYZER_NONNULL = YES;
				CLANG_ANALYZER_NUMBER_OBJECT_CONVERSION = YES_AGGRESSIVE;
				CLANG_CXX_LANGUAGE_STANDARD = "gnu++14";
				CLANG_CXX_LIBRARY = "libc++";
				CLANG_ENABLE_MODULES = YES;
				CLANG_ENABLE_OBJC_ARC = YES;
				CLANG_ENABLE_OBJC_WEAK = YES;
				CLANG_WARN_BLOCK_CAPTURE_AUTORELEASING = YES;
				CLANG_WARN_BOOL_CONVERSION = YES;
				CLANG_WARN_COMMA = YES;
				CLANG_WARN_CONSTANT_CONVERSION = YES;
				CLANG_WARN_DEPRECATED_OBJC_IMPLEMENTATIONS = YES;
				CLANG_WARN_DIRECT_OBJC_ISA_USAGE = YES_ERROR;
				CLANG_WARN_DOCUMENTATION_COMMENTS = YES;
				CLANG_WARN_EMPTY_BODY = YES;
				CLANG_WARN_ENUM_CONVERSION = YES;
				CLANG_WARN_INFINITE_RECURSION = YES;
				CLANG_WARN_INT_CONVERSION = YES;
				CLANG_WARN_NON_LITERAL_NULL_CONVERSION = YES;
				CLANG_WARN_OBJC_IMPLICIT_RETAIN_SELF = YES;
				CLANG_WARN_OBJC_LITERAL_CONVERSION = YES;
				CLANG_WARN_OBJC_ROOT_CLASS = YES_ERROR;
				CLANG_WARN_RANGE_LOOP_ANALYSIS = YES;
				CLANG_WARN_STRICT_PROTOTYPES = YES;
				CLANG_WARN_SUSPICIOUS_MOVE = YES;
				CLANG_WARN_UNGUARDED_AVAILABILITY = YES_AGGRESSIVE;
				CLANG_WARN_UNREACHABLE_CODE = YES;
				CLANG_WARN__DUPLICATE_METHOD_MATCH = YES;
				CODE_SIGN_IDENTITY = "iPhone Developer";
				COPY_PHASE_STRIP = NO;
				DEBUG_INFORMATION_FORMAT = "dwarf-with-dsym";
				ENABLE_NS_ASSERTIONS = NO;
				ENABLE_STRICT_OBJC_MSGSEND = YES;
				GCC_C_LANGUAGE_STANDARD = gnu11;
				GCC_NO_COMMON_BLOCKS = YES;
				GCC_WARN_64_TO_32_BIT_CONVERSION = YES;
				GCC_WARN_ABOUT_RETURN_TYPE = YES_ERROR;
				GCC_WARN_UNDECLARED_SELECTOR = YES;
				GCC_WARN_UNINITIALIZED_AUTOS = YES_AGGRESSIVE;
				GCC_WARN_UNUSED_FUNCTION = YES;
				GCC_WARN_UNUSED_VARIABLE = YES;
				IPHONEOS_DEPLOYMENT_TARGET = 11.4;
				MTL_ENABLE_DEBUG_INFO = NO;
				SDKROOT = iphoneos;
				SWIFT_COMPILATION_MODE = wholemodule;
				SWIFT_OPTIMIZATION_LEVEL = "-O";
				VALIDATE_PRODUCT = YES;
			};
			name = Release;
		};
		74EE9D23211235F500700928 /* Debug */ = {
			isa = XCBuildConfiguration;
			buildSettings = {
				ASSETCATALOG_COMPILER_APPICON_NAME = AppIcon;
				CODE_SIGN_STYLE = Automatic;
				DEVELOPMENT_TEAM = C3YP8P798R;
				INFOPLIST_FILE = CardVC/Info.plist;
				LD_RUNPATH_SEARCH_PATHS = (
					"$(inherited)",
					"@executable_path/Frameworks",
				);
				PRODUCT_BUNDLE_IDENTIFIER = com.salmanfakhri.CardVC;
				PRODUCT_NAME = "$(TARGET_NAME)";
				SWIFT_VERSION = 4.0;
				TARGETED_DEVICE_FAMILY = "1,2";
			};
			name = Debug;
		};
		74EE9D24211235F500700928 /* Release */ = {
			isa = XCBuildConfiguration;
			buildSettings = {
				ASSETCATALOG_COMPILER_APPICON_NAME = AppIcon;
				CODE_SIGN_STYLE = Automatic;
				DEVELOPMENT_TEAM = C3YP8P798R;
				INFOPLIST_FILE = CardVC/Info.plist;
				LD_RUNPATH_SEARCH_PATHS = (
					"$(inherited)",
					"@executable_path/Frameworks",
				);
				PRODUCT_BUNDLE_IDENTIFIER = com.salmanfakhri.CardVC;
				PRODUCT_NAME = "$(TARGET_NAME)";
				SWIFT_VERSION = 4.0;
				TARGETED_DEVICE_FAMILY = "1,2";
			};
			name = Release;
		};
/* End XCBuildConfiguration section */

/* Begin XCConfigurationList section */
		74EE9D0B211235F300700928 /* Build configuration list for PBXProject "CardVC" */ = {
			isa = XCConfigurationList;
			buildConfigurations = (
				74EE9D20211235F500700928 /* Debug */,
				74EE9D21211235F500700928 /* Release */,
			);
			defaultConfigurationIsVisible = 0;
			defaultConfigurationName = Release;
		};
		74EE9D22211235F500700928 /* Build configuration list for PBXNativeTarget "CardVC" */ = {
			isa = XCConfigurationList;
			buildConfigurations = (
				74EE9D23211235F500700928 /* Debug */,
				74EE9D24211235F500700928 /* Release */,
			);
			defaultConfigurationIsVisible = 0;
			defaultConfigurationName = Release;
		};
/* End XCConfigurationList section */
	};
	rootObject = 74EE9D08211235F300700928 /* Project object */;
}
